
Microsoft Visual Studio Solution File, Format Version 12.00
# Visual Studio Version 16
VisualStudioVersion = 16.0.31729.503
MinimumVisualStudioVersion = 10.0.40219.1
Project("{FAE04EC0-301F-11D3-BF4B-00C04F79EFBC}") = "Airline-04-12", "Airline-04-12\Airline-04-12.csproj", "{859B3E55-0BE5-4066-AD5E-16D66BBADD60}"
EndProject
Global
	GlobalSection(SolutionConfigurationPlatforms) = preSolution
		Debug|Any CPU = Debug|Any CPU
		Release|Any CPU = Release|Any CPU
	EndGlobalSection
	GlobalSection(ProjectConfigurationPlatforms) = postSolution
		{859B3E55-0BE5-4066-AD5E-16D66BBADD60}.Debug|Any CPU.ActiveCfg = Debug|Any CPU
		{859B3E55-0BE5-4066-AD5E-16D66BBADD60}.Debug|Any CPU.Build.0 = Debug|Any CPU
		{859B3E55-0BE5-4066-AD5E-16D66BBADD60}.Release|Any CPU.ActiveCfg = Release|Any CPU
		{859B3E55-0BE5-4066-AD5E-16D66BBADD60}.Release|Any CPU.Build.0 = Release|Any CPU
	EndGlobalSection
	GlobalSection(SolutionProperties) = preSolution
		HideSolutionNode = FALSE
	EndGlobalSection
	GlobalSection(ExtensibilityGlobals) = postSolution
		SolutionGuid = {B3DC2804-D343-44F9-A930-650F7468E63C}
	EndGlobalSection
EndGlobal
