
Microsoft Visual Studio Solution File, Format Version 12.00
# Visual Studio Version 16
VisualStudioVersion = 16.0.31702.278
MinimumVisualStudioVersion = 10.0.40219.1
Project("{9A19103F-16F7-4668-BE54-9A1E7A4F7556}") = "AirlineSystem", "AirlineSystem\AirlineSystem.csproj", "{CCDCB7E5-AAB6-4E19-87F3-7407C4B3F9FF}"
EndProject
Project("{FAE04EC0-301F-11D3-BF4B-00C04F79EFBC}") = "AirlineClient", "AirlineClient\AirlineClient.csproj", "{D1A7DB0B-863A-4F2A-A80B-A36592C50B3D}"
EndProject
Global
	GlobalSection(SolutionConfigurationPlatforms) = preSolution
		Debug|Any CPU = Debug|Any CPU
		Release|Any CPU = Release|Any CPU
	EndGlobalSection
	GlobalSection(ProjectConfigurationPlatforms) = postSolution
		{CCDCB7E5-AAB6-4E19-87F3-7407C4B3F9FF}.Debug|Any CPU.ActiveCfg = Debug|Any CPU
		{CCDCB7E5-AAB6-4E19-87F3-7407C4B3F9FF}.Debug|Any CPU.Build.0 = Debug|Any CPU
		{CCDCB7E5-AAB6-4E19-87F3-7407C4B3F9FF}.Release|Any CPU.ActiveCfg = Release|Any CPU
		{CCDCB7E5-AAB6-4E19-87F3-7407C4B3F9FF}.Release|Any CPU.Build.0 = Release|Any CPU
		{D1A7DB0B-863A-4F2A-A80B-A36592C50B3D}.Debug|Any CPU.ActiveCfg = Debug|Any CPU
		{D1A7DB0B-863A-4F2A-A80B-A36592C50B3D}.Debug|Any CPU.Build.0 = Debug|Any CPU
		{D1A7DB0B-863A-4F2A-A80B-A36592C50B3D}.Release|Any CPU.ActiveCfg = Release|Any CPU
		{D1A7DB0B-863A-4F2A-A80B-A36592C50B3D}.Release|Any CPU.Build.0 = Release|Any CPU
	EndGlobalSection
	GlobalSection(SolutionProperties) = preSolution
		HideSolutionNode = FALSE
	EndGlobalSection
	GlobalSection(ExtensibilityGlobals) = postSolution
		SolutionGuid = {E506AC4D-04FA-43CD-921F-F7EBBADDEE94}
	EndGlobalSection
EndGlobal
